
Microsoft Visual Studio Solution File, Format Version 12.00
# Visual Studio Version 16
VisualStudioVersion = 16.0.30503.244
MinimumVisualStudioVersion = 10.0.40219.1
Project("{FAE04EC0-301F-11D3-BF4B-00C04F79EFBC}") = "IStone Application", "IStone Application\IStone Application.csproj", "{FD566216-7B67-4C0A-A749-FAD4A26435FF}"
EndProject
Global
	GlobalSection(SolutionConfigurationPlatforms) = preSolution
		Debug|Any CPU = Debug|Any CPU
		Release|Any CPU = Release|Any CPU
	EndGlobalSection
	GlobalSection(ProjectConfigurationPlatforms) = postSolution
		{FD566216-7B67-4C0A-A749-FAD4A26435FF}.Debug|Any CPU.ActiveCfg = Debug|Any CPU
		{FD566216-7B67-4C0A-A749-FAD4A26435FF}.Debug|Any CPU.Build.0 = Debug|Any CPU
		{FD566216-7B67-4C0A-A749-FAD4A26435FF}.Release|Any CPU.ActiveCfg = Release|Any CPU
		{FD566216-7B67-4C0A-A749-FAD4A26435FF}.Release|Any CPU.Build.0 = Release|Any CPU
	EndGlobalSection
	GlobalSection(SolutionProperties) = preSolution
		HideSolutionNode = FALSE
	EndGlobalSection
	GlobalSection(ExtensibilityGlobals) = postSolution
		SolutionGuid = {258AED38-CB67-46CA-A59F-7419C3EBBD6C}
	EndGlobalSection
EndGlobal
